
Microsoft Visual Studio Solution File, Format Version 12.00
Project("{FAE04EC0-301F-11D3-BF4B-00C04F79EFBC}") = "Product.Api", "Product.Api\Product.Api.csproj", "{EF33ED77-D271-4D3B-86EE-9D53FBE82E93}"
EndProject
Global
	GlobalSection(SolutionConfigurationPlatforms) = preSolution
		Debug|Any CPU = Debug|Any CPU
		Release|Any CPU = Release|Any CPU
	EndGlobalSection
	GlobalSection(ProjectConfigurationPlatforms) = postSolution
		{EF33ED77-D271-4D3B-86EE-9D53FBE82E93}.Debug|Any CPU.ActiveCfg = Debug|Any CPU
		{EF33ED77-D271-4D3B-86EE-9D53FBE82E93}.Debug|Any CPU.Build.0 = Debug|Any CPU
		{EF33ED77-D271-4D3B-86EE-9D53FBE82E93}.Release|Any CPU.ActiveCfg = Release|Any CPU
		{EF33ED77-D271-4D3B-86EE-9D53FBE82E93}.Release|Any CPU.Build.0 = Release|Any CPU
	EndGlobalSection
EndGlobal
